{
  "name": "database",
  "version": "1.0.0",
  "lockfileVersion": 3,
  "requires": true,
  "packages": {
    "": {
      "name": "database",
      "version": "1.0.0",
      "license": "ISC",
      "dependencies": {
        "@electric-sql/pglite": "^0.3.6"
      }
    },
    "node_modules/@electric-sql/pglite": {
      "version": "0.3.6",
      "resolved": "https://registry.npmjs.org/@electric-sql/pglite/-/pglite-0.3.6.tgz",
      "integrity": "sha512-KFIoLIhiOzYQzT2TOxqWH9eAMZcZd4tzSGXDY+6qRboZY2P76yFDNTKS4SB2c3hy6vRqIrHSh24VDPi9FyNhlA==",
      "license": "Apache-2.0"
    }
  }
}
